
Microsoft Visual Studio Solution File, Format Version 12.00
# Visual Studio Version 17
VisualStudioVersion = 17.7.34202.233
MinimumVisualStudioVersion = 10.0.40219.1
Project("{FAE04EC0-301F-11D3-BF4B-00C04F79EFBC}") = "DocumentAnalyzer", "DocumentAnalyzer\DocumentAnalyzer.csproj", "{C4371F8B-A371-4E3B-BD66-6B435E83692D}"
EndProject
Project("{FAE04EC0-301F-11D3-BF4B-00C04F79EFBC}") = "DocumentAnalyzer.Test", "DocumentAnalyzer.Test\DocumentAnalyzer.Test.csproj", "{7D8A24F0-A591-4800-B62C-3CC8EFF8CF31}"
EndProject
Global
	GlobalSection(SolutionConfigurationPlatforms) = preSolution
		Debug|Any CPU = Debug|Any CPU
		Release|Any CPU = Release|Any CPU
	EndGlobalSection
	GlobalSection(ProjectConfigurationPlatforms) = postSolution
		{C4371F8B-A371-4E3B-BD66-6B435E83692D}.Debug|Any CPU.ActiveCfg = Debug|Any CPU
		{C4371F8B-A371-4E3B-BD66-6B435E83692D}.Debug|Any CPU.Build.0 = Debug|Any CPU
		{C4371F8B-A371-4E3B-BD66-6B435E83692D}.Release|Any CPU.ActiveCfg = Release|Any CPU
		{C4371F8B-A371-4E3B-BD66-6B435E83692D}.Release|Any CPU.Build.0 = Release|Any CPU
		{7D8A24F0-A591-4800-B62C-3CC8EFF8CF31}.Debug|Any CPU.ActiveCfg = Debug|Any CPU
		{7D8A24F0-A591-4800-B62C-3CC8EFF8CF31}.Debug|Any CPU.Build.0 = Debug|Any CPU
		{7D8A24F0-A591-4800-B62C-3CC8EFF8CF31}.Release|Any CPU.ActiveCfg = Release|Any CPU
		{7D8A24F0-A591-4800-B62C-3CC8EFF8CF31}.Release|Any CPU.Build.0 = Release|Any CPU
	EndGlobalSection
	GlobalSection(SolutionProperties) = preSolution
		HideSolutionNode = FALSE
	EndGlobalSection
	GlobalSection(ExtensibilityGlobals) = postSolution
		SolutionGuid = {10730306-7244-460A-B8BE-F5942A9D4D49}
	EndGlobalSection
EndGlobal
